
Microsoft Visual Studio Solution File, Format Version 12.00
# Visual Studio Version 17
VisualStudioVersion = 17.0.31903.59
MinimumVisualStudioVersion = 10.0.40219.1
Project("{2150E333-8FDC-42A3-9474-1A3956D46DE8}") = "src", "src", "{827E0CD3-B72D-47B6-A68D-7590B98EB39B}"
EndProject
Project("{FAE04EC0-301F-11D3-BF4B-00C04F79EFBC}") = "PdfWerk.Core", "src\PdfWerk.Core\PdfWerk.Core.csproj", "{1B6D6817-76F2-4EB6-8C04-8AE220B5B5CD}"
EndProject
Project("{FAE04EC0-301F-11D3-BF4B-00C04F79EFBC}") = "PdfWerk.Pdf", "src\PdfWerk.Pdf\PdfWerk.Pdf.csproj", "{5AF63DBB-FF95-492F-BEDC-CB9B596E1030}"
EndProject
Project("{FAE04EC0-301F-11D3-BF4B-00C04F79EFBC}") = "PdfWerk.Ai", "src\PdfWerk.Ai\PdfWerk.Ai.csproj", "{4706CFB4-E2B6-40D0-8850-9E5436D61F38}"
EndProject
Project("{FAE04EC0-301F-11D3-BF4B-00C04F79EFBC}") = "PdfWerk.Infrastructure", "src\PdfWerk.Infrastructure\PdfWerk.Infrastructure.csproj", "{F9A4ABB3-C42B-4863-96BF-816F6306B32A}"
EndProject
Project("{FAE04EC0-301F-11D3-BF4B-00C04F79EFBC}") = "PdfWerk.Api", "src\PdfWerk.Api\PdfWerk.Api.csproj", "{54E7C57E-B147-444C-A339-9CADD0FA789A}"
EndProject
Project("{FAE04EC0-301F-11D3-BF4B-00C04F79EFBC}") = "PdfWerk.Tests", "tests\PdfWerk.Tests\PdfWerk.Tests.csproj", "{DEA3FCDA-FD1F-4718-A801-58F25D9F7FE0}"
EndProject
Global
	GlobalSection(SolutionConfigurationPlatforms) = preSolution
		Debug|Any CPU = Debug|Any CPU
		Debug|x64 = Debug|x64
		Debug|x86 = Debug|x86
		Release|Any CPU = Release|Any CPU
		Release|x64 = Release|x64
		Release|x86 = Release|x86
	EndGlobalSection
	GlobalSection(ProjectConfigurationPlatforms) = postSolution
		{1B6D6817-76F2-4EB6-8C04-8AE220B5B5CD}.Debug|Any CPU.ActiveCfg = Debug|Any CPU
		{1B6D6817-76F2-4EB6-8C04-8AE220B5B5CD}.Debug|Any CPU.Build.0 = Debug|Any CPU
		{1B6D6817-76F2-4EB6-8C04-8AE220B5B5CD}.Debug|x64.ActiveCfg = Debug|Any CPU
		{1B6D6817-76F2-4EB6-8C04-8AE220B5B5CD}.Debug|x64.Build.0 = Debug|Any CPU
		{1B6D6817-76F2-4EB6-8C04-8AE220B5B5CD}.Debug|x86.ActiveCfg = Debug|Any CPU
		{1B6D6817-76F2-4EB6-8C04-8AE220B5B5CD}.Debug|x86.Build.0 = Debug|Any CPU
		{1B6D6817-76F2-4EB6-8C04-8AE220B5B5CD}.Release|Any CPU.ActiveCfg = Release|Any CPU
		{1B6D6817-76F2-4EB6-8C04-8AE220B5B5CD}.Release|Any CPU.Build.0 = Release|Any CPU
		{1B6D6817-76F2-4EB6-8C04-8AE220B5B5CD}.Release|x64.ActiveCfg = Release|Any CPU
		{1B6D6817-76F2-4EB6-8C04-8AE220B5B5CD}.Release|x64.Build.0 = Release|Any CPU
		{1B6D6817-76F2-4EB6-8C04-8AE220B5B5CD}.Release|x86.ActiveCfg = Release|Any CPU
		{1B6D6817-76F2-4EB6-8C04-8AE220B5B5CD}.Release|x86.Build.0 = Release|Any CPU
		{5AF63DBB-FF95-492F-BEDC-CB9B596E1030}.Debug|Any CPU.ActiveCfg = Debug|Any CPU
		{5AF63DBB-FF95-492F-BEDC-CB9B596E1030}.Debug|Any CPU.Build.0 = Debug|Any CPU
		{5AF63DBB-FF95-492F-BEDC-CB9B596E1030}.Debug|x64.ActiveCfg = Debug|Any CPU
		{5AF63DBB-FF95-492F-BEDC-CB9B596E1030}.Debug|x64.Build.0 = Debug|Any CPU
		{5AF63DBB-FF95-492F-BEDC-CB9B596E1030}.Debug|x86.ActiveCfg = Debug|Any CPU
		{5AF63DBB-FF95-492F-BEDC-CB9B596E1030}.Debug|x86.Build.0 = Debug|Any CPU
		{5AF63DBB-FF95-492F-BEDC-CB9B596E1030}.Release|Any CPU.ActiveCfg = Release|Any CPU
		{5AF63DBB-FF95-492F-BEDC-CB9B596E1030}.Release|Any CPU.Build.0 = Release|Any CPU
		{5AF63DBB-FF95-492F-BEDC-CB9B596E1030}.Release|x64.ActiveCfg = Release|Any CPU
		{5AF63DBB-FF95-492F-BEDC-CB9B596E1030}.Release|x64.Build.0 = Release|Any CPU
		{5AF63DBB-FF95-492F-BEDC-CB9B596E1030}.Release|x86.ActiveCfg = Release|Any CPU
		{5AF63DBB-FF95-492F-BEDC-CB9B596E1030}.Release|x86.Build.0 = Release|Any CPU
		{4706CFB4-E2B6-40D0-8850-9E5436D61F38}.Debug|Any CPU.ActiveCfg = Debug|Any CPU
		{4706CFB4-E2B6-40D0-8850-9E5436D61F38}.Debug|Any CPU.Build.0 = Debug|Any CPU
		{4706CFB4-E2B6-40D0-8850-9E5436D61F38}.Debug|x64.ActiveCfg = Debug|Any CPU
		{4706CFB4-E2B6-40D0-8850-9E5436D61F38}.Debug|x64.Build.0 = Debug|Any CPU
		{4706CFB4-E2B6-40D0-8850-9E5436D61F38}.Debug|x86.ActiveCfg = Debug|Any CPU
		{4706CFB4-E2B6-40D0-8850-9E5436D61F38}.Debug|x86.Build.0 = Debug|Any CPU
		{4706CFB4-E2B6-40D0-8850-9E5436D61F38}.Release|Any CPU.ActiveCfg = Release|Any CPU
		{4706CFB4-E2B6-40D0-8850-9E5436D61F38}.Release|Any CPU.Build.0 = Release|Any CPU
		{4706CFB4-E2B6-40D0-8850-9E5436D61F38}.Release|x64.ActiveCfg = Release|Any CPU
		{4706CFB4-E2B6-40D0-8850-9E5436D61F38}.Release|x64.Build.0 = Release|Any CPU
		{4706CFB4-E2B6-40D0-8850-9E5436D61F38}.Release|x86.ActiveCfg = Release|Any CPU
		{4706CFB4-E2B6-40D0-8850-9E5436D61F38}.Release|x86.Build.0 = Release|Any CPU
		{F9A4ABB3-C42B-4863-96BF-816F6306B32A}.Debug|Any CPU.ActiveCfg = Debug|Any CPU
		{F9A4ABB3-C42B-4863-96BF-816F6306B32A}.Debug|Any CPU.Build.0 = Debug|Any CPU
		{F9A4ABB3-C42B-4863-96BF-816F6306B32A}.Debug|x64.ActiveCfg = Debug|Any CPU
		{F9A4ABB3-C42B-4863-96BF-816F6306B32A}.Debug|x64.Build.0 = Debug|Any CPU
		{F9A4ABB3-C42B-4863-96BF-816F6306B32A}.Debug|x86.ActiveCfg = Debug|Any CPU
		{F9A4ABB3-C42B-4863-96BF-816F6306B32A}.Debug|x86.Build.0 = Debug|Any CPU
		{F9A4ABB3-C42B-4863-96BF-816F6306B32A}.Release|Any CPU.ActiveCfg = Release|Any CPU
		{F9A4ABB3-C42B-4863-96BF-816F6306B32A}.Release|Any CPU.Build.0 = Release|Any CPU
		{F9A4ABB3-C42B-4863-96BF-816F6306B32A}.Release|x64.ActiveCfg = Release|Any CPU
		{F9A4ABB3-C42B-4863-96BF-816F6306B32A}.Release|x64.Build.0 = Release|Any CPU
		{F9A4ABB3-C42B-4863-96BF-816F6306B32A}.Release|x86.ActiveCfg = Release|Any CPU
		{F9A4ABB3-C42B-4863-96BF-816F6306B32A}.Release|x86.Build.0 = Release|Any CPU
		{54E7C57E-B147-444C-A339-9CADD0FA789A}.Debug|Any CPU.ActiveCfg = Debug|Any CPU
		{54E7C57E-B147-444C-A339-9CADD0FA789A}.Debug|Any CPU.Build.0 = Debug|Any CPU
		{54E7C57E-B147-444C-A339-9CADD0FA789A}.Debug|x64.ActiveCfg = Debug|Any CPU
		{54E7C57E-B147-444C-A339-9CADD0FA789A}.Debug|x64.Build.0 = Debug|Any CPU
		{54E7C57E-B147-444C-A339-9CADD0FA789A}.Debug|x86.ActiveCfg = Debug|Any CPU
		{54E7C57E-B147-444C-A339-9CADD0FA789A}.Debug|x86.Build.0 = Debug|Any CPU
		{54E7C57E-B147-444C-A339-9CADD0FA789A}.Release|Any CPU.ActiveCfg = Release|Any CPU
		{54E7C57E-B147-444C-A339-9CADD0FA789A}.Release|Any CPU.Build.0 = Release|Any CPU
		{54E7C57E-B147-444C-A339-9CADD0FA789A}.Release|x64.ActiveCfg = Release|Any CPU
		{54E7C57E-B147-444C-A339-9CADD0FA789A}.Release|x64.Build.0 = Release|Any CPU
		{54E7C57E-B147-444C-A339-9CADD0FA789A}.Release|x86.ActiveCfg = Release|Any CPU
		{54E7C57E-B147-444C-A339-9CADD0FA789A}.Release|x86.Build.0 = Release|Any CPU
		{DEA3FCDA-FD1F-4718-A801-58F25D9F7FE0}.Debug|Any CPU.ActiveCfg = Debug|Any CPU
		{DEA3FCDA-FD1F-4718-A801-58F25D9F7FE0}.Debug|Any CPU.Build.0 = Debug|Any CPU
		{DEA3FCDA-FD1F-4718-A801-58F25D9F7FE0}.Debug|x64.ActiveCfg = Debug|Any CPU
		{DEA3FCDA-FD1F-4718-A801-58F25D9F7FE0}.Debug|x64.Build.0 = Debug|Any CPU
		{DEA3FCDA-FD1F-4718-A801-58F25D9F7FE0}.Debug|x86.ActiveCfg = Debug|Any CPU
		{DEA3FCDA-FD1F-4718-A801-58F25D9F7FE0}.Debug|x86.Build.0 = Debug|Any CPU
		{DEA3FCDA-FD1F-4718-A801-58F25D9F7FE0}.Release|Any CPU.ActiveCfg = Release|Any CPU
		{DEA3FCDA-FD1F-4718-A801-58F25D9F7FE0}.Release|Any CPU.Build.0 = Release|Any CPU
		{DEA3FCDA-FD1F-4718-A801-58F25D9F7FE0}.Release|x64.ActiveCfg = Release|Any CPU
		{DEA3FCDA-FD1F-4718-A801-58F25D9F7FE0}.Release|x64.Build.0 = Release|Any CPU
		{DEA3FCDA-FD1F-4718-A801-58F25D9F7FE0}.Release|x86.ActiveCfg = Release|Any CPU
		{DEA3FCDA-FD1F-4718-A801-58F25D9F7FE0}.Release|x86.Build.0 = Release|Any CPU
	EndGlobalSection
	GlobalSection(SolutionProperties) = preSolution
		HideSolutionNode = FALSE
	EndGlobalSection
	GlobalSection(NestedProjects) = preSolution
		{1B6D6817-76F2-4EB6-8C04-8AE220B5B5CD} = {827E0CD3-B72D-47B6-A68D-7590B98EB39B}
		{5AF63DBB-FF95-492F-BEDC-CB9B596E1030} = {827E0CD3-B72D-47B6-A68D-7590B98EB39B}
		{4706CFB4-E2B6-40D0-8850-9E5436D61F38} = {827E0CD3-B72D-47B6-A68D-7590B98EB39B}
		{F9A4ABB3-C42B-4863-96BF-816F6306B32A} = {827E0CD3-B72D-47B6-A68D-7590B98EB39B}
		{54E7C57E-B147-444C-A339-9CADD0FA789A} = {827E0CD3-B72D-47B6-A68D-7590B98EB39B}
		{DEA3FCDA-FD1F-4718-A801-58F25D9F7FE0} = {827E0CD3-B72D-47B6-A68D-7590B98EB39B}
	EndGlobalSection
EndGlobal
